
Microsoft Visual Studio Solution File, Format Version 12.00
# Visual Studio Version 16
VisualStudioVersion = 16.0.31702.278
MinimumVisualStudioVersion = 10.0.40219.1
Project("{FAE04EC0-301F-11D3-BF4B-00C04F79EFBC}") = "imprimirPDF", "imprimirPDF\imprimirPDF.csproj", "{B683849C-3EF0-4E44-864F-BC2D77A96922}"
EndProject
Global
	GlobalSection(SolutionConfigurationPlatforms) = preSolution
		Debug|Any CPU = Debug|Any CPU
		Release|Any CPU = Release|Any CPU
	EndGlobalSection
	GlobalSection(ProjectConfigurationPlatforms) = postSolution
		{B683849C-3EF0-4E44-864F-BC2D77A96922}.Debug|Any CPU.ActiveCfg = Debug|Any CPU
		{B683849C-3EF0-4E44-864F-BC2D77A96922}.Debug|Any CPU.Build.0 = Debug|Any CPU
		{B683849C-3EF0-4E44-864F-BC2D77A96922}.Release|Any CPU.ActiveCfg = Release|Any CPU
		{B683849C-3EF0-4E44-864F-BC2D77A96922}.Release|Any CPU.Build.0 = Release|Any CPU
	EndGlobalSection
	GlobalSection(SolutionProperties) = preSolution
		HideSolutionNode = FALSE
	EndGlobalSection
	GlobalSection(ExtensibilityGlobals) = postSolution
		SolutionGuid = {BD0A8F0A-B711-4483-B800-B11B447C49A8}
	EndGlobalSection
EndGlobal
